
Microsoft Visual Studio Solution File, Format Version 12.00
# Visual Studio Version 16
VisualStudioVersion = 16.0.29306.81
MinimumVisualStudioVersion = 10.0.40219.1
Project("{FAE04EC0-301F-11D3-BF4B-00C04F79EFBC}") = "task_5", "task_5\task_5.csproj", "{F50AA909-6B06-4AF4-82E0-EF112D477832}"
EndProject
Global
	GlobalSection(SolutionConfigurationPlatforms) = preSolution
		Debug|Any CPU = Debug|Any CPU
		Release|Any CPU = Release|Any CPU
	EndGlobalSection
	GlobalSection(ProjectConfigurationPlatforms) = postSolution
		{F50AA909-6B06-4AF4-82E0-EF112D477832}.Debug|Any CPU.ActiveCfg = Debug|Any CPU
		{F50AA909-6B06-4AF4-82E0-EF112D477832}.Debug|Any CPU.Build.0 = Debug|Any CPU
		{F50AA909-6B06-4AF4-82E0-EF112D477832}.Release|Any CPU.ActiveCfg = Release|Any CPU
		{F50AA909-6B06-4AF4-82E0-EF112D477832}.Release|Any CPU.Build.0 = Release|Any CPU
	EndGlobalSection
	GlobalSection(SolutionProperties) = preSolution
		HideSolutionNode = FALSE
	EndGlobalSection
	GlobalSection(ExtensibilityGlobals) = postSolution
		SolutionGuid = {A28696BA-3E6E-4CC9-87B8-89A544368AFD}
	EndGlobalSection
EndGlobal
